{
  "name": "glamurnenko",
  "version": "1.0.0",
  "lockfileVersion": 2,
  "requires": true,
  "packages": {
    "": {
      "name": "glamurnenko",
      "version": "1.0.0",
      "license": "ISC",
      "dependencies": {
        "@fancyapps/ui": "^4.0.31",
        "jquery": "^3.3.1"
      }
    },
    "node_modules/@fancyapps/ui": {
      "version": "4.0.31",
      "resolved": "https://registry.npmjs.org/@fancyapps/ui/-/ui-4.0.31.tgz",
      "integrity": "sha512-D7+PMIloxSOFJyY+lXcNlVDhmssOmDT6PT5fqQUIiws2hT7PH29r0EKZxERmACSQpm6qrFkP7rSguzXWvRJduQ=="
    },
    "node_modules/jquery": {
      "version": "3.3.1",
      "resolved": "https://registry.npmjs.org/jquery/-/jquery-3.3.1.tgz",
      "integrity": "sha512-Ubldcmxp5np52/ENotGxlLe6aGMvmF4R8S6tZjsP6Knsaxd/xp3Zrh50cG93lR6nPXyUFwzN3ZSOQI0wRJNdGg=="
    }
  },
  "dependencies": {
    "@fancyapps/ui": {
      "version": "4.0.31",
      "resolved": "https://registry.npmjs.org/@fancyapps/ui/-/ui-4.0.31.tgz",
      "integrity": "sha512-D7+PMIloxSOFJyY+lXcNlVDhmssOmDT6PT5fqQUIiws2hT7PH29r0EKZxERmACSQpm6qrFkP7rSguzXWvRJduQ=="
    },
    "jquery": {
      "version": "3.3.1",
      "resolved": "https://registry.npmjs.org/jquery/-/jquery-3.3.1.tgz",
      "integrity": "sha512-Ubldcmxp5np52/ENotGxlLe6aGMvmF4R8S6tZjsP6Knsaxd/xp3Zrh50cG93lR6nPXyUFwzN3ZSOQI0wRJNdGg=="
    }
  }
}
